// !$*UTF8*$!
{
	archiveVersion = 1;
	classes = {
	};
	objectVersion = 77;
	objects = {

/* Begin PBXContainerItemProxy section */
		1C22A5912C8F32DB00E18DBF /* PBXContainerItemProxy */ = {
			isa = PBXContainerItemProxy;
			containerPortal = 1C22A56F2C8F32D800E18DBF /* Project object */;
			proxyType = 1;
			remoteGlobalIDString = 1C22A5762C8F32D800E18DBF;
			remoteInfo = "Knghts and Dragons test task";
		};
		1C22A59B2C8F32DB00E18DBF /* PBXContainerItemProxy */ = {
			isa = PBXContainerItemProxy;
			containerPortal = 1C22A56F2C8F32D800E18DBF /* Project object */;
			proxyType = 1;
			remoteGlobalIDString = 1C22A5762C8F32D800E18DBF;
			remoteInfo = "Knghts and Dragons test task";
		};
/* End PBXContainerItemProxy section */

/* Begin PBXFileReference section */
		1C22A5772C8F32D800E18DBF /* Knghts and Dragons test task.app */ = {isa = PBXFileReference; explicitFileType = wrapper.application; includeInIndex = 0; path = "Knghts and Dragons test task.app"; sourceTree = BUILT_PRODUCTS_DIR; };
		1C22A5902C8F32DB00E18DBF /* Knghts and Dragons test taskTests.xctest */ = {isa = PBXFileReference; explicitFileType = wrapper.cfbundle; includeInIndex = 0; path = "Knghts and Dragons test taskTests.xctest"; sourceTree = BUILT_PRODUCTS_DIR; };
		1C22A59A2C8F32DB00E18DBF /* Knghts and Dragons test taskUITests.xctest */ = {isa = PBXFileReference; explicitFileType = wrapper.cfbundle; includeInIndex = 0; path = "Knghts and Dragons test taskUITests.xctest"; sourceTree = BUILT_PRODUCTS_DIR; };
/* End PBXFileReference section */

/* Begin PBXFileSystemSynchronizedRootGroup section */
		1C22A5792C8F32D800E18DBF /* Knghts and Dragons test task */ = {
			isa = PBXFileSystemSynchronizedRootGroup;
			path = "Knghts and Dragons test task";
			sourceTree = "<group>";
		};
/* End PBXFileSystemSynchronizedRootGroup section */

/* Begin PBXFrameworksBuildPhase section */
		1C22A5742C8F32D800E18DBF /* Frameworks */ = {
			isa = PBXFrameworksBuildPhase;
			buildActionMask = 2147483647;
			files = (
			);
			runOnlyForDeploymentPostprocessing = 0;
		};
		1C22A58D2C8F32DB00E18DBF /* Frameworks */ = {
			isa = PBXFrameworksBuildPhase;
			buildActionMask = 2147483647;
			files = (
			);
			runOnlyForDeploymentPostprocessing = 0;
		};
		1C22A5972C8F32DB00E18DBF /* Frameworks */ = {
			isa = PBXFrameworksBuildPhase;
			buildActionMask = 2147483647;
			files = (
			);
			runOnlyForDeploymentPostprocessing = 0;
		};
/* End PBXFrameworksBuildPhase section */

/* Begin PBXGroup section */
		1C22A56E2C8F32D800E18DBF = {
			isa = PBXGroup;
			children = (
				1C22A5792C8F32D800E18DBF /* Knghts and Dragons test task */,
				1C22A5782C8F32D800E18DBF /* Products */,
			);
			sourceTree = "<group>";
		};
		1C22A5782C8F32D800E18DBF /* Products */ = {
			isa = PBXGroup;
			children = (
				1C22A5772C8F32D800E18DBF /* Knghts and Dragons test task.app */,
				1C22A5902C8F32DB00E18DBF /* Knghts and Dragons test taskTests.xctest */,
				1C22A59A2C8F32DB00E18DBF /* Knghts and Dragons test taskUITests.xctest */,
			);
			name = Products;
			sourceTree = "<group>";
		};
/* End PBXGroup section */

/* Begin PBXNativeTarget section */
		1C22A5762C8F32D800E18DBF /* Knghts and Dragons test task */ = {
			isa = PBXNativeTarget;
			buildConfigurationList = 1C22A5A42C8F32DB00E18DBF /* Build configuration list for PBXNativeTarget "Knghts and Dragons test task" */;
			buildPhases = (
				1C22A5732C8F32D800E18DBF /* Sources */,
				1C22A5742C8F32D800E18DBF /* Frameworks */,
				1C22A5752C8F32D800E18DBF /* Resources */,
			);
			buildRules = (
			);
			dependencies = (
			);
			fileSystemSynchronizedGroups = (
				1C22A5792C8F32D800E18DBF /* Knghts and Dragons test task */,
			);
			name = "Knghts and Dragons test task";
			packageProductDependencies = (
			);
			productName = "Knghts and Dragons test task";
			productReference = 1C22A5772C8F32D800E18DBF /* Knghts and Dragons test task.app */;
			productType = "com.apple.product-type.application";
		};
		1C22A58F2C8F32DB00E18DBF /* Knghts and Dragons test taskTests */ = {
			isa = PBXNativeTarget;
			buildConfigurationList = 1C22A5A72C8F32DB00E18DBF /* Build configuration list for PBXNativeTarget "Knghts and Dragons test taskTests" */;
			buildPhases = (
				1C22A58C2C8F32DB00E18DBF /* Sources */,
				1C22A58D2C8F32DB00E18DBF /* Frameworks */,
				1C22A58E2C8F32DB00E18DBF /* Resources */,
			);
			buildRules = (
			);
			dependencies = (
				1C22A5922C8F32DB00E18DBF /* PBXTargetDependency */,
			);
			name = "Knghts and Dragons test taskTests";
			packageProductDependencies = (
			);
			productName = "Knghts and Dragons test taskTests";
			productReference = 1C22A5902C8F32DB00E18DBF /* Knghts and Dragons test taskTests.xctest */;
			productType = "com.apple.product-type.bundle.unit-test";
		};
		1C22A5992C8F32DB00E18DBF /* Knghts and Dragons test taskUITests */ = {
			isa = PBXNativeTarget;
			buildConfigurationList = 1C22A5AA2C8F32DB00E18DBF /* Build configuration list for PBXNativeTarget "Knghts and Dragons test taskUITests" */;
			buildPhases = (
				1C22A5962C8F32DB00E18DBF /* Sources */,
				1C22A5972C8F32DB00E18DBF /* Frameworks */,
				1C22A5982C8F32DB00E18DBF /* Resources */,
			);
			buildRules = (
			);
			dependencies = (
				1C22A59C2C8F32DB00E18DBF /* PBXTargetDependency */,
			);
			name = "Knghts and Dragons test taskUITests";
			packageProductDependencies = (
			);
			productName = "Knghts and Dragons test taskUITests";
			productReference = 1C22A59A2C8F32DB00E18DBF /* Knghts and Dragons test taskUITests.xctest */;
			productType = "com.apple.product-type.bundle.ui-testing";
		};
/* End PBXNativeTarget section */

/* Begin PBXProject section */
		1C22A56F2C8F32D800E18DBF /* Project object */ = {
			isa = PBXProject;
			attributes = {
				BuildIndependentTargetsInParallel = 1;
				LastSwiftUpdateCheck = 1600;
				LastUpgradeCheck = 1600;
				TargetAttributes = {
					1C22A5762C8F32D800E18DBF = {
						CreatedOnToolsVersion = 16.0;
					};
					1C22A58F2C8F32DB00E18DBF = {
						CreatedOnToolsVersion = 16.0;
						TestTargetID = 1C22A5762C8F32D800E18DBF;
					};
					1C22A5992C8F32DB00E18DBF = {
						CreatedOnToolsVersion = 16.0;
						TestTargetID = 1C22A5762C8F32D800E18DBF;
					};
				};
			};
			buildConfigurationList = 1C22A5722C8F32D800E18DBF /* Build configuration list for PBXProject "Knghts and Dragons test task" */;
			developmentRegion = en;
			hasScannedForEncodings = 0;
			knownRegions = (
				en,
				Base,
			);
			mainGroup = 1C22A56E2C8F32D800E18DBF;
			minimizedProjectReferenceProxies = 1;
			preferredProjectObjectVersion = 77;
			productRefGroup = 1C22A5782C8F32D800E18DBF /* Products */;
			projectDirPath = "";
			projectRoot = "";
			targets = (
				1C22A5762C8F32D800E18DBF /* Knghts and Dragons test task */,
				1C22A58F2C8F32DB00E18DBF /* Knghts and Dragons test taskTests */,
				1C22A5992C8F32DB00E18DBF /* Knghts and Dragons test taskUITests */,
			);
		};
/* End PBXProject section */

/* Begin PBXResourcesBuildPhase section */
		1C22A5752C8F32D800E18DBF /* Resources */ = {
			isa = PBXResourcesBuildPhase;
			buildActionMask = 2147483647;
			files = (
			);
			runOnlyForDeploymentPostprocessing = 0;
		};
		1C22A58E2C8F32DB00E18DBF /* Resources */ = {
			isa = PBXResourcesBuildPhase;
			buildActionMask = 2147483647;
			files = (
			);
			runOnlyForDeploymentPostprocessing = 0;
		};
		1C22A5982C8F32DB00E18DBF /* Resources */ = {
			isa = PBXResourcesBuildPhase;
			buildActionMask = 2147483647;
			files = (
			);
			runOnlyForDeploymentPostprocessing = 0;
		};
/* End PBXResourcesBuildPhase section */

/* Begin PBXSourcesBuildPhase section */
		1C22A5732C8F32D800E18DBF /* Sources */ = {
			isa = PBXSourcesBuildPhase;
			buildActionMask = 2147483647;
			files = (
			);
			runOnlyForDeploymentPostprocessing = 0;
		};
		1C22A58C2C8F32DB00E18DBF /* Sources */ = {
			isa = PBXSourcesBuildPhase;
			buildActionMask = 2147483647;
			files = (
			);
			runOnlyForDeploymentPostprocessing = 0;
		};
		1C22A5962C8F32DB00E18DBF /* Sources */ = {
			isa = PBXSourcesBuildPhase;
			buildActionMask = 2147483647;
			files = (
			);
			runOnlyForDeploymentPostprocessing = 0;
		};
/* End PBXSourcesBuildPhase section */

/* Begin PBXTargetDependency section */
		1C22A5922C8F32DB00E18DBF /* PBXTargetDependency */ = {
			isa = PBXTargetDependency;
			target = 1C22A5762C8F32D800E18DBF /* Knghts and Dragons test task */;
			targetProxy = 1C22A5912C8F32DB00E18DBF /* PBXContainerItemProxy */;
		};
		1C22A59C2C8F32DB00E18DBF /* PBXTargetDependency */ = {
			isa = PBXTargetDependency;
			target = 1C22A5762C8F32D800E18DBF /* Knghts and Dragons test task */;
			targetProxy = 1C22A59B2C8F32DB00E18DBF /* PBXContainerItemProxy */;
		};
/* End PBXTargetDependency section */

/* Begin XCBuildConfiguration section */
		1C22A5A22C8F32DB00E18DBF /* Debug */ = {
			isa = XCBuildConfiguration;
			buildSettings = {
				ALWAYS_SEARCH_USER_PATHS = NO;
				ASSETCATALOG_COMPILER_GENERATE_SWIFT_ASSET_SYMBOL_EXTENSIONS = YES;
				CLANG_ANALYZER_NONNULL = YES;
				CLANG_ANALYZER_NUMBER_OBJECT_CONVERSION = YES_AGGRESSIVE;
				CLANG_CXX_LANGUAGE_STANDARD = "gnu++20";
				CLANG_ENABLE_MODULES = YES;
				CLANG_ENABLE_OBJC_ARC = YES;
				CLANG_ENABLE_OBJC_WEAK = YES;
				CLANG_WARN_BLOCK_CAPTURE_AUTORELEASING = YES;
				CLANG_WARN_BOOL_CONVERSION = YES;
				CLANG_WARN_COMMA = YES;
				CLANG_WARN_CONSTANT_CONVERSION = YES;
				CLANG_WARN_DEPRECATED_OBJC_IMPLEMENTATIONS = YES;
				CLANG_WARN_DIRECT_OBJC_ISA_USAGE = YES_ERROR;
				CLANG_WARN_DOCUMENTATION_COMMENTS = YES;
				CLANG_WARN_EMPTY_BODY = YES;
				CLANG_WARN_ENUM_CONVERSION = YES;
				CLANG_WARN_INFINITE_RECURSION = YES;
				CLANG_WARN_INT_CONVERSION = YES;
				CLANG_WARN_NON_LITERAL_NULL_CONVERSION = YES;
				CLANG_WARN_OBJC_IMPLICIT_RETAIN_SELF = YES;
				CLANG_WARN_OBJC_LITERAL_CONVERSION = YES;
				CLANG_WARN_OBJC_ROOT_CLASS = YES_ERROR;
				CLANG_WARN_QUOTED_INCLUDE_IN_FRAMEWORK_HEADER = YES;
				CLANG_WARN_RANGE_LOOP_ANALYSIS = YES;
				CLANG_WARN_STRICT_PROTOTYPES = YES;
				CLANG_WARN_SUSPICIOUS_MOVE = YES;
				CLANG_WARN_UNGUARDED_AVAILABILITY = YES_AGGRESSIVE;
				CLANG_WARN_UNREACHABLE_CODE = YES;
				CLANG_WARN__DUPLICATE_METHOD_MATCH = YES;
				COPY_PHASE_STRIP = NO;
				DEBUG_INFORMATION_FORMAT = dwarf;
				ENABLE_STRICT_OBJC_MSGSEND = YES;
				ENABLE_TESTABILITY = YES;
				ENABLE_USER_SCRIPT_SANDBOXING = YES;
				GCC_C_LANGUAGE_STANDARD = gnu17;
				GCC_DYNAMIC_NO_PIC = NO;
				GCC_NO_COMMON_BLOCKS = YES;
				GCC_OPTIMIZATION_LEVEL = 0;
				GCC_PREPROCESSOR_DEFINITIONS = (
					"DEBUG=1",
					"$(inherited)",
				);
				GCC_WARN_64_TO_32_BIT_CONVERSION = YES;
				GCC_WARN_ABOUT_RETURN_TYPE = YES_ERROR;
				GCC_WARN_UNDECLARED_SELECTOR = YES;
				GCC_WARN_UNINITIALIZED_AUTOS = YES_AGGRESSIVE;
				GCC_WARN_UNUSED_FUNCTION = YES;
				GCC_WARN_UNUSED_VARIABLE = YES;
				IPHONEOS_DEPLOYMENT_TARGET = 18.0;
				LOCALIZATION_PREFERS_STRING_CATALOGS = YES;
				MTL_ENABLE_DEBUG_INFO = INCLUDE_SOURCE;
				MTL_FAST_MATH = YES;
				ONLY_ACTIVE_ARCH = YES;
				SDKROOT = iphoneos;
				SWIFT_ACTIVE_COMPILATION_CONDITIONS = "DEBUG $(inherited)";
				SWIFT_OPTIMIZATION_LEVEL = "-Onone";
			};
			name = Debug;
		};
		1C22A5A32C8F32DB00E18DBF /* Release */ = {
			isa = XCBuildConfiguration;
			buildSettings = {
				ALWAYS_SEARCH_USER_PATHS = NO;
				ASSETCATALOG_COMPILER_GENERATE_SWIFT_ASSET_SYMBOL_EXTENSIONS = YES;
				CLANG_ANALYZER_NONNULL = YES;
				CLANG_ANALYZER_NUMBER_OBJECT_CONVERSION = YES_AGGRESSIVE;
				CLANG_CXX_LANGUAGE_STANDARD = "gnu++20";
				CLANG_ENABLE_MODULES = YES;
				CLANG_ENABLE_OBJC_ARC = YES;
				CLANG_ENABLE_OBJC_WEAK = YES;
				CLANG_WARN_BLOCK_CAPTURE_AUTORELEASING = YES;
				CLANG_WARN_BOOL_CONVERSION = YES;
				CLANG_WARN_COMMA = YES;
				CLANG_WARN_CONSTANT_CONVERSION = YES;
				CLANG_WARN_DEPRECATED_OBJC_IMPLEMENTATIONS = YES;
				CLANG_WARN_DIRECT_OBJC_ISA_USAGE = YES_ERROR;
				CLANG_WARN_DOCUMENTATION_COMMENTS = YES;
				CLANG_WARN_EMPTY_BODY = YES;
				CLANG_WARN_ENUM_CONVERSION = YES;
				CLANG_WARN_INFINITE_RECURSION = YES;
				CLANG_WARN_INT_CONVERSION = YES;
				CLANG_WARN_NON_LITERAL_NULL_CONVERSION = YES;
				CLANG_WARN_OBJC_IMPLICIT_RETAIN_SELF = YES;
				CLANG_WARN_OBJC_LITERAL_CONVERSION = YES;
				CLANG_WARN_OBJC_ROOT_CLASS = YES_ERROR;
				CLANG_WARN_QUOTED_INCLUDE_IN_FRAMEWORK_HEADER = YES;
				CLANG_WARN_RANGE_LOOP_ANALYSIS = YES;
				CLANG_WARN_STRICT_PROTOTYPES = YES;
				CLANG_WARN_SUSPICIOUS_MOVE = YES;
				CLANG_WARN_UNGUARDED_AVAILABILITY = YES_AGGRESSIVE;
				CLANG_WARN_UNREACHABLE_CODE = YES;
				CLANG_WARN__DUPLICATE_METHOD_MATCH = YES;
				COPY_PHASE_STRIP = NO;
				DEBUG_INFORMATION_FORMAT = "dwarf-with-dsym";
				ENABLE_NS_ASSERTIONS = NO;
				ENABLE_STRICT_OBJC_MSGSEND = YES;
				ENABLE_USER_SCRIPT_SANDBOXING = YES;
				GCC_C_LANGUAGE_STANDARD = gnu17;
				GCC_NO_COMMON_BLOCKS = YES;
				GCC_WARN_64_TO_32_BIT_CONVERSION = YES;
				GCC_WARN_ABOUT_RETURN_TYPE = YES_ERROR;
				GCC_WARN_UNDECLARED_SELECTOR = YES;
				GCC_WARN_UNINITIALIZED_AUTOS = YES_AGGRESSIVE;
				GCC_WARN_UNUSED_FUNCTION = YES;
				GCC_WARN_UNUSED_VARIABLE = YES;
				IPHONEOS_DEPLOYMENT_TARGET = 18.0;
				LOCALIZATION_PREFERS_STRING_CATALOGS = YES;
				MTL_ENABLE_DEBUG_INFO = NO;
				MTL_FAST_MATH = YES;
				SDKROOT = iphoneos;
				SWIFT_COMPILATION_MODE = wholemodule;
				VALIDATE_PRODUCT = YES;
			};
			name = Release;
		};
		1C22A5A52C8F32DB00E18DBF /* Debug */ = {
			isa = XCBuildConfiguration;
			buildSettings = {
				ASSETCATALOG_COMPILER_APPICON_NAME = AppIcon;
				ASSETCATALOG_COMPILER_GLOBAL_ACCENT_COLOR_NAME = AccentColor;
				CODE_SIGN_STYLE = Automatic;
				CURRENT_PROJECT_VERSION = 1;
				DEVELOPMENT_TEAM = 4894AA5VL3;
				GENERATE_INFOPLIST_FILE = YES;
				INFOPLIST_FILE = "Knghts-and-Dragons-test-task-Info.plist";
				INFOPLIST_KEY_UIApplicationSupportsIndirectInputEvents = YES;
				INFOPLIST_KEY_UILaunchStoryboardName = LaunchScreen;
				INFOPLIST_KEY_UIStatusBarHidden = YES;
				INFOPLIST_KEY_UISupportedInterfaceOrientations = UIInterfaceOrientationLandscapeRight;
				IPHONEOS_DEPLOYMENT_TARGET = 16.3;
				LD_RUNPATH_SEARCH_PATHS = (
					"$(inherited)",
					"@executable_path/Frameworks",
				);
				MARKETING_VERSION = 1.0;
				PRODUCT_BUNDLE_IDENTIFIER = "daniel.Knghts-and-Dragons-test-task";
				PRODUCT_NAME = "$(TARGET_NAME)";
				SWIFT_EMIT_LOC_STRINGS = YES;
				SWIFT_VERSION = 5.0;
				TARGETED_DEVICE_FAMILY = "1,2";
			};
			name = Debug;
		};
		1C22A5A62C8F32DB00E18DBF /* Release */ = {
			isa = XCBuildConfiguration;
			buildSettings = {
				ASSETCATALOG_COMPILER_APPICON_NAME = AppIcon;
				ASSETCATALOG_COMPILER_GLOBAL_ACCENT_COLOR_NAME = AccentColor;
				CODE_SIGN_STYLE = Automatic;
				CURRENT_PROJECT_VERSION = 1;
				DEVELOPMENT_TEAM = 4894AA5VL3;
				GENERATE_INFOPLIST_FILE = YES;
				INFOPLIST_FILE = "Knghts-and-Dragons-test-task-Info.plist";
				INFOPLIST_KEY_UIApplicationSupportsIndirectInputEvents = YES;
				INFOPLIST_KEY_UILaunchStoryboardName = LaunchScreen;
				INFOPLIST_KEY_UIStatusBarHidden = YES;
				INFOPLIST_KEY_UISupportedInterfaceOrientations = UIInterfaceOrientationLandscapeRight;
				IPHONEOS_DEPLOYMENT_TARGET = 16.3;
				LD_RUNPATH_SEARCH_PATHS = (
					"$(inherited)",
					"@executable_path/Frameworks",
				);
				MARKETING_VERSION = 1.0;
				PRODUCT_BUNDLE_IDENTIFIER = "daniel.Knghts-and-Dragons-test-task";
				PRODUCT_NAME = "$(TARGET_NAME)";
				SWIFT_EMIT_LOC_STRINGS = YES;
				SWIFT_VERSION = 5.0;
				TARGETED_DEVICE_FAMILY = "1,2";
			};
			name = Release;
		};
		1C22A5A82C8F32DB00E18DBF /* Debug */ = {
			isa = XCBuildConfiguration;
			buildSettings = {
				BUNDLE_LOADER = "$(TEST_HOST)";
				CODE_SIGN_STYLE = Automatic;
				CURRENT_PROJECT_VERSION = 1;
				GENERATE_INFOPLIST_FILE = YES;
				IPHONEOS_DEPLOYMENT_TARGET = 18.0;
				MARKETING_VERSION = 1.0;
				PRODUCT_BUNDLE_IDENTIFIER = "daniel.Knghts-and-Dragons-test-taskTests";
				PRODUCT_NAME = "$(TARGET_NAME)";
				SWIFT_EMIT_LOC_STRINGS = NO;
				SWIFT_VERSION = 5.0;
				TARGETED_DEVICE_FAMILY = "1,2";
				TEST_HOST = "$(BUILT_PRODUCTS_DIR)/Knghts and Dragons test task.app/$(BUNDLE_EXECUTABLE_FOLDER_PATH)/Knghts and Dragons test task";
			};
			name = Debug;
		};
		1C22A5A92C8F32DB00E18DBF /* Release */ = {
			isa = XCBuildConfiguration;
			buildSettings = {
				BUNDLE_LOADER = "$(TEST_HOST)";
				CODE_SIGN_STYLE = Automatic;
				CURRENT_PROJECT_VERSION = 1;
				GENERATE_INFOPLIST_FILE = YES;
				IPHONEOS_DEPLOYMENT_TARGET = 18.0;
				MARKETING_VERSION = 1.0;
				PRODUCT_BUNDLE_IDENTIFIER = "daniel.Knghts-and-Dragons-test-taskTests";
				PRODUCT_NAME = "$(TARGET_NAME)";
				SWIFT_EMIT_LOC_STRINGS = NO;
				SWIFT_VERSION = 5.0;
				TARGETED_DEVICE_FAMILY = "1,2";
				TEST_HOST = "$(BUILT_PRODUCTS_DIR)/Knghts and Dragons test task.app/$(BUNDLE_EXECUTABLE_FOLDER_PATH)/Knghts and Dragons test task";
			};
			name = Release;
		};
		1C22A5AB2C8F32DB00E18DBF /* Debug */ = {
			isa = XCBuildConfiguration;
			buildSettings = {
				CODE_SIGN_STYLE = Automatic;
				CURRENT_PROJECT_VERSION = 1;
				GENERATE_INFOPLIST_FILE = YES;
				MARKETING_VERSION = 1.0;
				PRODUCT_BUNDLE_IDENTIFIER = "daniel.Knghts-and-Dragons-test-taskUITests";
				PRODUCT_NAME = "$(TARGET_NAME)";
				SWIFT_EMIT_LOC_STRINGS = NO;
				SWIFT_VERSION = 5.0;
				TARGETED_DEVICE_FAMILY = "1,2";
				TEST_TARGET_NAME = "Knghts and Dragons test task";
			};
			name = Debug;
		};
		1C22A5AC2C8F32DB00E18DBF /* Release */ = {
			isa = XCBuildConfiguration;
			buildSettings = {
				CODE_SIGN_STYLE = Automatic;
				CURRENT_PROJECT_VERSION = 1;
				GENERATE_INFOPLIST_FILE = YES;
				MARKETING_VERSION = 1.0;
				PRODUCT_BUNDLE_IDENTIFIER = "daniel.Knghts-and-Dragons-test-taskUITests";
				PRODUCT_NAME = "$(TARGET_NAME)";
				SWIFT_EMIT_LOC_STRINGS = NO;
				SWIFT_VERSION = 5.0;
				TARGETED_DEVICE_FAMILY = "1,2";
				TEST_TARGET_NAME = "Knghts and Dragons test task";
			};
			name = Release;
		};
/* End XCBuildConfiguration section */

/* Begin XCConfigurationList section */
		1C22A5722C8F32D800E18DBF /* Build configuration list for PBXProject "Knghts and Dragons test task" */ = {
			isa = XCConfigurationList;
			buildConfigurations = (
				1C22A5A22C8F32DB00E18DBF /* Debug */,
				1C22A5A32C8F32DB00E18DBF /* Release */,
			);
			defaultConfigurationIsVisible = 0;
			defaultConfigurationName = Release;
		};
		1C22A5A42C8F32DB00E18DBF /* Build configuration list for PBXNativeTarget "Knghts and Dragons test task" */ = {
			isa = XCConfigurationList;
			buildConfigurations = (
				1C22A5A52C8F32DB00E18DBF /* Debug */,
				1C22A5A62C8F32DB00E18DBF /* Release */,
			);
			defaultConfigurationIsVisible = 0;
			defaultConfigurationName = Release;
		};
		1C22A5A72C8F32DB00E18DBF /* Build configuration list for PBXNativeTarget "Knghts and Dragons test taskTests" */ = {
			isa = XCConfigurationList;
			buildConfigurations = (
				1C22A5A82C8F32DB00E18DBF /* Debug */,
				1C22A5A92C8F32DB00E18DBF /* Release */,
			);
			defaultConfigurationIsVisible = 0;
			defaultConfigurationName = Release;
		};
		1C22A5AA2C8F32DB00E18DBF /* Build configuration list for PBXNativeTarget "Knghts and Dragons test taskUITests" */ = {
			isa = XCConfigurationList;
			buildConfigurations = (
				1C22A5AB2C8F32DB00E18DBF /* Debug */,
				1C22A5AC2C8F32DB00E18DBF /* Release */,
			);
			defaultConfigurationIsVisible = 0;
			defaultConfigurationName = Release;
		};
/* End XCConfigurationList section */
	};
	rootObject = 1C22A56F2C8F32D800E18DBF /* Project object */;
}
